// !$*UTF8*$!
{
	archiveVersion = 1;
	classes = {
	};
	objectVersion = 46;
	objects = {

/* Begin PBXBuildFile section */
		87D304441C3BF391006924A7 /* AppDelegate.swift in Sources */ = {isa = PBXBuildFile; fileRef = 87D304431C3BF391006924A7 /* AppDelegate.swift */; };
		87D304461C3BF391006924A7 /* ViewController.swift in Sources */ = {isa = PBXBuildFile; fileRef = 87D304451C3BF391006924A7 /* ViewController.swift */; };
		87D304491C3BF391006924A7 /* Main.storyboard in Resources */ = {isa = PBXBuildFile; fileRef = 87D304471C3BF391006924A7 /* Main.storyboard */; };
		87D3044B1C3BF391006924A7 /* Images.xcassets in Resources */ = {isa = PBXBuildFile; fileRef = 87D3044A1C3BF391006924A7 /* Images.xcassets */; };
		87D3044E1C3BF392006924A7 /* LaunchScreen.xib in Resources */ = {isa = PBXBuildFile; fileRef = 87D3044C1C3BF392006924A7 /* LaunchScreen.xib */; };
		87D3045A1C3BF393006924A7 /* chapter07_adTests.swift in Sources */ = {isa = PBXBuildFile; fileRef = 87D304591C3BF393006924A7 /* chapter07_adTests.swift */; };
		87D304641C3BF3C9006924A7 /* iAd.framework in Frameworks */ = {isa = PBXBuildFile; fileRef = 87D304631C3BF3C9006924A7 /* iAd.framework */; };
/* End PBXBuildFile section */

/* Begin PBXContainerItemProxy section */
		87D304541C3BF392006924A7 /* PBXContainerItemProxy */ = {
			isa = PBXContainerItemProxy;
			containerPortal = 87D304361C3BF391006924A7 /* Project object */;
			proxyType = 1;
			remoteGlobalIDString = 87D3043D1C3BF391006924A7;
			remoteInfo = "chapter07-ad";
		};
/* End PBXContainerItemProxy section */

/* Begin PBXFileReference section */
		87D3043E1C3BF391006924A7 /* chapter07-ad.app */ = {isa = PBXFileReference; explicitFileType = wrapper.application; includeInIndex = 0; path = "chapter07-ad.app"; sourceTree = BUILT_PRODUCTS_DIR; };
		87D304421C3BF391006924A7 /* Info.plist */ = {isa = PBXFileReference; lastKnownFileType = text.plist.xml; path = Info.plist; sourceTree = "<group>"; };
		87D304431C3BF391006924A7 /* AppDelegate.swift */ = {isa = PBXFileReference; lastKnownFileType = sourcecode.swift; path = AppDelegate.swift; sourceTree = "<group>"; };
		87D304451C3BF391006924A7 /* ViewController.swift */ = {isa = PBXFileReference; lastKnownFileType = sourcecode.swift; path = ViewController.swift; sourceTree = "<group>"; };
		87D304481C3BF391006924A7 /* Base */ = {isa = PBXFileReference; lastKnownFileType = file.storyboard; name = Base; path = Base.lproj/Main.storyboard; sourceTree = "<group>"; };
		87D3044A1C3BF391006924A7 /* Images.xcassets */ = {isa = PBXFileReference; lastKnownFileType = folder.assetcatalog; path = Images.xcassets; sourceTree = "<group>"; };
		87D3044D1C3BF392006924A7 /* Base */ = {isa = PBXFileReference; lastKnownFileType = file.xib; name = Base; path = Base.lproj/LaunchScreen.xib; sourceTree = "<group>"; };
		87D304531C3BF392006924A7 /* chapter07-adTests.xctest */ = {isa = PBXFileReference; explicitFileType = wrapper.cfbundle; includeInIndex = 0; path = "chapter07-adTests.xctest"; sourceTree = BUILT_PRODUCTS_DIR; };
		87D304581C3BF393006924A7 /* Info.plist */ = {isa = PBXFileReference; lastKnownFileType = text.plist.xml; path = Info.plist; sourceTree = "<group>"; };
		87D304591C3BF393006924A7 /* chapter07_adTests.swift */ = {isa = PBXFileReference; lastKnownFileType = sourcecode.swift; path = chapter07_adTests.swift; sourceTree = "<group>"; };
		87D304631C3BF3C9006924A7 /* iAd.framework */ = {isa = PBXFileReference; lastKnownFileType = wrapper.framework; name = iAd.framework; path = System/Library/Frameworks/iAd.framework; sourceTree = SDKROOT; };
/* End PBXFileReference section */

/* Begin PBXFrameworksBuildPhase section */
		87D3043B1C3BF391006924A7 /* Frameworks */ = {
			isa = PBXFrameworksBuildPhase;
			buildActionMask = 2147483647;
			files = (
				87D304641C3BF3C9006924A7 /* iAd.framework in Frameworks */,
			);
			runOnlyForDeploymentPostprocessing = 0;
		};
		87D304501C3BF392006924A7 /* Frameworks */ = {
			isa = PBXFrameworksBuildPhase;
			buildActionMask = 2147483647;
			files = (
			);
			runOnlyForDeploymentPostprocessing = 0;
		};
/* End PBXFrameworksBuildPhase section */

/* Begin PBXGroup section */
		87D304351C3BF391006924A7 = {
			isa = PBXGroup;
			children = (
				87D304631C3BF3C9006924A7 /* iAd.framework */,
				87D304401C3BF391006924A7 /* chapter07-ad */,
				87D304561C3BF392006924A7 /* chapter07-adTests */,
				87D3043F1C3BF391006924A7 /* Products */,
			);
			sourceTree = "<group>";
		};
		87D3043F1C3BF391006924A7 /* Products */ = {
			isa = PBXGroup;
			children = (
				87D3043E1C3BF391006924A7 /* chapter07-ad.app */,
				87D304531C3BF392006924A7 /* chapter07-adTests.xctest */,
			);
			name = Products;
			sourceTree = "<group>";
		};
		87D304401C3BF391006924A7 /* chapter07-ad */ = {
			isa = PBXGroup;
			children = (
				87D304431C3BF391006924A7 /* AppDelegate.swift */,
				87D304451C3BF391006924A7 /* ViewController.swift */,
				87D304471C3BF391006924A7 /* Main.storyboard */,
				87D3044A1C3BF391006924A7 /* Images.xcassets */,
				87D3044C1C3BF392006924A7 /* LaunchScreen.xib */,
				87D304411C3BF391006924A7 /* Supporting Files */,
			);
			path = "chapter07-ad";
			sourceTree = "<group>";
		};
		87D304411C3BF391006924A7 /* Supporting Files */ = {
			isa = PBXGroup;
			children = (
				87D304421C3BF391006924A7 /* Info.plist */,
			);
			name = "Supporting Files";
			sourceTree = "<group>";
		};
		87D304561C3BF392006924A7 /* chapter07-adTests */ = {
			isa = PBXGroup;
			children = (
				87D304591C3BF393006924A7 /* chapter07_adTests.swift */,
				87D304571C3BF393006924A7 /* Supporting Files */,
			);
			path = "chapter07-adTests";
			sourceTree = "<group>";
		};
		87D304571C3BF393006924A7 /* Supporting Files */ = {
			isa = PBXGroup;
			children = (
				87D304581C3BF393006924A7 /* Info.plist */,
			);
			name = "Supporting Files";
			sourceTree = "<group>";
		};
/* End PBXGroup section */

/* Begin PBXNativeTarget section */
		87D3043D1C3BF391006924A7 /* chapter07-ad */ = {
			isa = PBXNativeTarget;
			buildConfigurationList = 87D3045D1C3BF393006924A7 /* Build configuration list for PBXNativeTarget "chapter07-ad" */;
			buildPhases = (
				87D3043A1C3BF391006924A7 /* Sources */,
				87D3043B1C3BF391006924A7 /* Frameworks */,
				87D3043C1C3BF391006924A7 /* Resources */,
			);
			buildRules = (
			);
			dependencies = (
			);
			name = "chapter07-ad";
			productName = "chapter07-ad";
			productReference = 87D3043E1C3BF391006924A7 /* chapter07-ad.app */;
			productType = "com.apple.product-type.application";
		};
		87D304521C3BF392006924A7 /* chapter07-adTests */ = {
			isa = PBXNativeTarget;
			buildConfigurationList = 87D304601C3BF393006924A7 /* Build configuration list for PBXNativeTarget "chapter07-adTests" */;
			buildPhases = (
				87D3044F1C3BF392006924A7 /* Sources */,
				87D304501C3BF392006924A7 /* Frameworks */,
				87D304511C3BF392006924A7 /* Resources */,
			);
			buildRules = (
			);
			dependencies = (
				87D304551C3BF392006924A7 /* PBXTargetDependency */,
			);
			name = "chapter07-adTests";
			productName = "chapter07-adTests";
			productReference = 87D304531C3BF392006924A7 /* chapter07-adTests.xctest */;
			productType = "com.apple.product-type.bundle.unit-test";
		};
/* End PBXNativeTarget section */

/* Begin PBXProject section */
		87D304361C3BF391006924A7 /* Project object */ = {
			isa = PBXProject;
			attributes = {
				LastUpgradeCheck = 0640;
				ORGANIZATIONNAME = swan;
				TargetAttributes = {
					87D3043D1C3BF391006924A7 = {
						CreatedOnToolsVersion = 6.4;
					};
					87D304521C3BF392006924A7 = {
						CreatedOnToolsVersion = 6.4;
						TestTargetID = 87D3043D1C3BF391006924A7;
					};
				};
			};
			buildConfigurationList = 87D304391C3BF391006924A7 /* Build configuration list for PBXProject "chapter07-ad" */;
			compatibilityVersion = "Xcode 3.2";
			developmentRegion = English;
			hasScannedForEncodings = 0;
			knownRegions = (
				en,
				Base,
			);
			mainGroup = 87D304351C3BF391006924A7;
			productRefGroup = 87D3043F1C3BF391006924A7 /* Products */;
			projectDirPath = "";
			projectRoot = "";
			targets = (
				87D3043D1C3BF391006924A7 /* chapter07-ad */,
				87D304521C3BF392006924A7 /* chapter07-adTests */,
			);
		};
/* End PBXProject section */

/* Begin PBXResourcesBuildPhase section */
		87D3043C1C3BF391006924A7 /* Resources */ = {
			isa = PBXResourcesBuildPhase;
			buildActionMask = 2147483647;
			files = (
				87D304491C3BF391006924A7 /* Main.storyboard in Resources */,
				87D3044E1C3BF392006924A7 /* LaunchScreen.xib in Resources */,
				87D3044B1C3BF391006924A7 /* Images.xcassets in Resources */,
			);
			runOnlyForDeploymentPostprocessing = 0;
		};
		87D304511C3BF392006924A7 /* Resources */ = {
			isa = PBXResourcesBuildPhase;
			buildActionMask = 2147483647;
			files = (
			);
			runOnlyForDeploymentPostprocessing = 0;
		};
/* End PBXResourcesBuildPhase section */

/* Begin PBXSourcesBuildPhase section */
		87D3043A1C3BF391006924A7 /* Sources */ = {
			isa = PBXSourcesBuildPhase;
			buildActionMask = 2147483647;
			files = (
				87D304461C3BF391006924A7 /* ViewController.swift in Sources */,
				87D304441C3BF391006924A7 /* AppDelegate.swift in Sources */,
			);
			runOnlyForDeploymentPostprocessing = 0;
		};
		87D3044F1C3BF392006924A7 /* Sources */ = {
			isa = PBXSourcesBuildPhase;
			buildActionMask = 2147483647;
			files = (
				87D3045A1C3BF393006924A7 /* chapter07_adTests.swift in Sources */,
			);
			runOnlyForDeploymentPostprocessing = 0;
		};
/* End PBXSourcesBuildPhase section */

/* Begin PBXTargetDependency section */
		87D304551C3BF392006924A7 /* PBXTargetDependency */ = {
			isa = PBXTargetDependency;
			target = 87D3043D1C3BF391006924A7 /* chapter07-ad */;
			targetProxy = 87D304541C3BF392006924A7 /* PBXContainerItemProxy */;
		};
/* End PBXTargetDependency section */

/* Begin PBXVariantGroup section */
		87D304471C3BF391006924A7 /* Main.storyboard */ = {
			isa = PBXVariantGroup;
			children = (
				87D304481C3BF391006924A7 /* Base */,
			);
			name = Main.storyboard;
			sourceTree = "<group>";
		};
		87D3044C1C3BF392006924A7 /* LaunchScreen.xib */ = {
			isa = PBXVariantGroup;
			children = (
				87D3044D1C3BF392006924A7 /* Base */,
			);
			name = LaunchScreen.xib;
			sourceTree = "<group>";
		};
/* End PBXVariantGroup section */

/* Begin XCBuildConfiguration section */
		87D3045B1C3BF393006924A7 /* Debug */ = {
			isa = XCBuildConfiguration;
			buildSettings = {
				ALWAYS_SEARCH_USER_PATHS = NO;
				CLANG_CXX_LANGUAGE_STANDARD = "gnu++0x";
				CLANG_CXX_LIBRARY = "libc++";
				CLANG_ENABLE_MODULES = YES;
				CLANG_ENABLE_OBJC_ARC = YES;
				CLANG_WARN_BOOL_CONVERSION = YES;
				CLANG_WARN_CONSTANT_CONVERSION = YES;
				CLANG_WARN_DIRECT_OBJC_ISA_USAGE = YES_ERROR;
				CLANG_WARN_EMPTY_BODY = YES;
				CLANG_WARN_ENUM_CONVERSION = YES;
				CLANG_WARN_INT_CONVERSION = YES;
				CLANG_WARN_OBJC_ROOT_CLASS = YES_ERROR;
				CLANG_WARN_UNREACHABLE_CODE = YES;
				CLANG_WARN__DUPLICATE_METHOD_MATCH = YES;
				"CODE_SIGN_IDENTITY[sdk=iphoneos*]" = "iPhone Developer";
				COPY_PHASE_STRIP = NO;
				DEBUG_INFORMATION_FORMAT = "dwarf-with-dsym";
				ENABLE_STRICT_OBJC_MSGSEND = YES;
				GCC_C_LANGUAGE_STANDARD = gnu99;
				GCC_DYNAMIC_NO_PIC = NO;
				GCC_NO_COMMON_BLOCKS = YES;
				GCC_OPTIMIZATION_LEVEL = 0;
				GCC_PREPROCESSOR_DEFINITIONS = (
					"DEBUG=1",
					"$(inherited)",
				);
				GCC_SYMBOLS_PRIVATE_EXTERN = NO;
				GCC_WARN_64_TO_32_BIT_CONVERSION = YES;
				GCC_WARN_ABOUT_RETURN_TYPE = YES_ERROR;
				GCC_WARN_UNDECLARED_SELECTOR = YES;
				GCC_WARN_UNINITIALIZED_AUTOS = YES_AGGRESSIVE;
				GCC_WARN_UNUSED_FUNCTION = YES;
				GCC_WARN_UNUSED_VARIABLE = YES;
				IPHONEOS_DEPLOYMENT_TARGET = 8.4;
				MTL_ENABLE_DEBUG_INFO = YES;
				ONLY_ACTIVE_ARCH = YES;
				SDKROOT = iphoneos;
				SWIFT_OPTIMIZATION_LEVEL = "-Onone";
				TARGETED_DEVICE_FAMILY = "1,2";
			};
			name = Debug;
		};
		87D3045C1C3BF393006924A7 /* Release */ = {
			isa = XCBuildConfiguration;
			buildSettings = {
				ALWAYS_SEARCH_USER_PATHS = NO;
				CLANG_CXX_LANGUAGE_STANDARD = "gnu++0x";
				CLANG_CXX_LIBRARY = "libc++";
				CLANG_ENABLE_MODULES = YES;
				CLANG_ENABLE_OBJC_ARC = YES;
				CLANG_WARN_BOOL_CONVERSION = YES;
				CLANG_WARN_CONSTANT_CONVERSION = YES;
				CLANG_WARN_DIRECT_OBJC_ISA_USAGE = YES_ERROR;
				CLANG_WARN_EMPTY_BODY = YES;
				CLANG_WARN_ENUM_CONVERSION = YES;
				CLANG_WARN_INT_CONVERSION = YES;
				CLANG_WARN_OBJC_ROOT_CLASS = YES_ERROR;
				CLANG_WARN_UNREACHABLE_CODE = YES;
				CLANG_WARN__DUPLICATE_METHOD_MATCH = YES;
				"CODE_SIGN_IDENTITY[sdk=iphoneos*]" = "iPhone Developer";
				COPY_PHASE_STRIP = NO;
				DEBUG_INFORMATION_FORMAT = "dwarf-with-dsym";
				ENABLE_NS_ASSERTIONS = NO;
				ENABLE_STRICT_OBJC_MSGSEND = YES;
				GCC_C_LANGUAGE_STANDARD = gnu99;
				GCC_NO_COMMON_BLOCKS = YES;
				GCC_WARN_64_TO_32_BIT_CONVERSION = YES;
				GCC_WARN_ABOUT_RETURN_TYPE = YES_ERROR;
				GCC_WARN_UNDECLARED_SELECTOR = YES;
				GCC_WARN_UNINITIALIZED_AUTOS = YES_AGGRESSIVE;
				GCC_WARN_UNUSED_FUNCTION = YES;
				GCC_WARN_UNUSED_VARIABLE = YES;
				IPHONEOS_DEPLOYMENT_TARGET = 8.4;
				MTL_ENABLE_DEBUG_INFO = NO;
				SDKROOT = iphoneos;
				TARGETED_DEVICE_FAMILY = "1,2";
				VALIDATE_PRODUCT = YES;
			};
			name = Release;
		};
		87D3045E1C3BF393006924A7 /* Debug */ = {
			isa = XCBuildConfiguration;
			buildSettings = {
				ASSETCATALOG_COMPILER_APPICON_NAME = AppIcon;
				INFOPLIST_FILE = "chapter07-ad/Info.plist";
				LD_RUNPATH_SEARCH_PATHS = "$(inherited) @executable_path/Frameworks";
				PRODUCT_NAME = "$(TARGET_NAME)";
			};
			name = Debug;
		};
		87D3045F1C3BF393006924A7 /* Release */ = {
			isa = XCBuildConfiguration;
			buildSettings = {
				ASSETCATALOG_COMPILER_APPICON_NAME = AppIcon;
				INFOPLIST_FILE = "chapter07-ad/Info.plist";
				LD_RUNPATH_SEARCH_PATHS = "$(inherited) @executable_path/Frameworks";
				PRODUCT_NAME = "$(TARGET_NAME)";
			};
			name = Release;
		};
		87D304611C3BF393006924A7 /* Debug */ = {
			isa = XCBuildConfiguration;
			buildSettings = {
				BUNDLE_LOADER = "$(TEST_HOST)";
				FRAMEWORK_SEARCH_PATHS = (
					"$(SDKROOT)/Developer/Library/Frameworks",
					"$(inherited)",
				);
				GCC_PREPROCESSOR_DEFINITIONS = (
					"DEBUG=1",
					"$(inherited)",
				);
				INFOPLIST_FILE = "chapter07-adTests/Info.plist";
				LD_RUNPATH_SEARCH_PATHS = "$(inherited) @executable_path/Frameworks @loader_path/Frameworks";
				PRODUCT_NAME = "$(TARGET_NAME)";
				TEST_HOST = "$(BUILT_PRODUCTS_DIR)/chapter07-ad.app/chapter07-ad";
			};
			name = Debug;
		};
		87D304621C3BF393006924A7 /* Release */ = {
			isa = XCBuildConfiguration;
			buildSettings = {
				BUNDLE_LOADER = "$(TEST_HOST)";
				FRAMEWORK_SEARCH_PATHS = (
					"$(SDKROOT)/Developer/Library/Frameworks",
					"$(inherited)",
				);
				INFOPLIST_FILE = "chapter07-adTests/Info.plist";
				LD_RUNPATH_SEARCH_PATHS = "$(inherited) @executable_path/Frameworks @loader_path/Frameworks";
				PRODUCT_NAME = "$(TARGET_NAME)";
				TEST_HOST = "$(BUILT_PRODUCTS_DIR)/chapter07-ad.app/chapter07-ad";
			};
			name = Release;
		};
/* End XCBuildConfiguration section */

/* Begin XCConfigurationList section */
		87D304391C3BF391006924A7 /* Build configuration list for PBXProject "chapter07-ad" */ = {
			isa = XCConfigurationList;
			buildConfigurations = (
				87D3045B1C3BF393006924A7 /* Debug */,
				87D3045C1C3BF393006924A7 /* Release */,
			);
			defaultConfigurationIsVisible = 0;
			defaultConfigurationName = Release;
		};
		87D3045D1C3BF393006924A7 /* Build configuration list for PBXNativeTarget "chapter07-ad" */ = {
			isa = XCConfigurationList;
			buildConfigurations = (
				87D3045E1C3BF393006924A7 /* Debug */,
				87D3045F1C3BF393006924A7 /* Release */,
			);
			defaultConfigurationIsVisible = 0;
		};
		87D304601C3BF393006924A7 /* Build configuration list for PBXNativeTarget "chapter07-adTests" */ = {
			isa = XCConfigurationList;
			buildConfigurations = (
				87D304611C3BF393006924A7 /* Debug */,
				87D304621C3BF393006924A7 /* Release */,
			);
			defaultConfigurationIsVisible = 0;
		};
/* End XCConfigurationList section */
	};
	rootObject = 87D304361C3BF391006924A7 /* Project object */;
}
