// !$*UTF8*$!
{
	archiveVersion = 1;
	classes = {
	};
	objectVersion = 46;
	objects = {

/* Begin PBXBuildFile section */
		87A3D8E01C2CCC890003B114 /* AppDelegate.swift in Sources */ = {isa = PBXBuildFile; fileRef = 87A3D8DF1C2CCC890003B114 /* AppDelegate.swift */; };
		87A3D8E21C2CCC890003B114 /* ViewController.swift in Sources */ = {isa = PBXBuildFile; fileRef = 87A3D8E11C2CCC890003B114 /* ViewController.swift */; };
		87A3D8E51C2CCC8A0003B114 /* Main.storyboard in Resources */ = {isa = PBXBuildFile; fileRef = 87A3D8E31C2CCC8A0003B114 /* Main.storyboard */; };
		87A3D8E71C2CCC8A0003B114 /* Images.xcassets in Resources */ = {isa = PBXBuildFile; fileRef = 87A3D8E61C2CCC8A0003B114 /* Images.xcassets */; };
		87A3D8EA1C2CCC8A0003B114 /* LaunchScreen.xib in Resources */ = {isa = PBXBuildFile; fileRef = 87A3D8E81C2CCC8A0003B114 /* LaunchScreen.xib */; };
		87A3D8F61C2CCC8C0003B114 /* mapTests.swift in Sources */ = {isa = PBXBuildFile; fileRef = 87A3D8F51C2CCC8C0003B114 /* mapTests.swift */; };
		87A3D9001C2CCD1F0003B114 /* MapKit.framework in Frameworks */ = {isa = PBXBuildFile; fileRef = 87A3D8FF1C2CCD1F0003B114 /* MapKit.framework */; };
/* End PBXBuildFile section */

/* Begin PBXContainerItemProxy section */
		87A3D8F01C2CCC8A0003B114 /* PBXContainerItemProxy */ = {
			isa = PBXContainerItemProxy;
			containerPortal = 87A3D8D21C2CCC870003B114 /* Project object */;
			proxyType = 1;
			remoteGlobalIDString = 87A3D8D91C2CCC870003B114;
			remoteInfo = map;
		};
/* End PBXContainerItemProxy section */

/* Begin PBXFileReference section */
		87A3D8DA1C2CCC880003B114 /* map.app */ = {isa = PBXFileReference; explicitFileType = wrapper.application; includeInIndex = 0; path = map.app; sourceTree = BUILT_PRODUCTS_DIR; };
		87A3D8DE1C2CCC890003B114 /* Info.plist */ = {isa = PBXFileReference; lastKnownFileType = text.plist.xml; path = Info.plist; sourceTree = "<group>"; };
		87A3D8DF1C2CCC890003B114 /* AppDelegate.swift */ = {isa = PBXFileReference; lastKnownFileType = sourcecode.swift; path = AppDelegate.swift; sourceTree = "<group>"; };
		87A3D8E11C2CCC890003B114 /* ViewController.swift */ = {isa = PBXFileReference; lastKnownFileType = sourcecode.swift; path = ViewController.swift; sourceTree = "<group>"; };
		87A3D8E41C2CCC8A0003B114 /* Base */ = {isa = PBXFileReference; lastKnownFileType = file.storyboard; name = Base; path = Base.lproj/Main.storyboard; sourceTree = "<group>"; };
		87A3D8E61C2CCC8A0003B114 /* Images.xcassets */ = {isa = PBXFileReference; lastKnownFileType = folder.assetcatalog; path = Images.xcassets; sourceTree = "<group>"; };
		87A3D8E91C2CCC8A0003B114 /* Base */ = {isa = PBXFileReference; lastKnownFileType = file.xib; name = Base; path = Base.lproj/LaunchScreen.xib; sourceTree = "<group>"; };
		87A3D8EF1C2CCC8A0003B114 /* mapTests.xctest */ = {isa = PBXFileReference; explicitFileType = wrapper.cfbundle; includeInIndex = 0; path = mapTests.xctest; sourceTree = BUILT_PRODUCTS_DIR; };
		87A3D8F41C2CCC8B0003B114 /* Info.plist */ = {isa = PBXFileReference; lastKnownFileType = text.plist.xml; path = Info.plist; sourceTree = "<group>"; };
		87A3D8F51C2CCC8C0003B114 /* mapTests.swift */ = {isa = PBXFileReference; lastKnownFileType = sourcecode.swift; path = mapTests.swift; sourceTree = "<group>"; };
		87A3D8FF1C2CCD1F0003B114 /* MapKit.framework */ = {isa = PBXFileReference; lastKnownFileType = wrapper.framework; name = MapKit.framework; path = System/Library/Frameworks/MapKit.framework; sourceTree = SDKROOT; };
/* End PBXFileReference section */

/* Begin PBXFrameworksBuildPhase section */
		87A3D8D71C2CCC870003B114 /* Frameworks */ = {
			isa = PBXFrameworksBuildPhase;
			buildActionMask = 2147483647;
			files = (
				87A3D9001C2CCD1F0003B114 /* MapKit.framework in Frameworks */,
			);
			runOnlyForDeploymentPostprocessing = 0;
		};
		87A3D8EC1C2CCC8A0003B114 /* Frameworks */ = {
			isa = PBXFrameworksBuildPhase;
			buildActionMask = 2147483647;
			files = (
			);
			runOnlyForDeploymentPostprocessing = 0;
		};
/* End PBXFrameworksBuildPhase section */

/* Begin PBXGroup section */
		87A3D8D11C2CCC870003B114 = {
			isa = PBXGroup;
			children = (
				87A3D8FF1C2CCD1F0003B114 /* MapKit.framework */,
				87A3D8DC1C2CCC880003B114 /* map */,
				87A3D8F21C2CCC8A0003B114 /* mapTests */,
				87A3D8DB1C2CCC880003B114 /* Products */,
			);
			sourceTree = "<group>";
		};
		87A3D8DB1C2CCC880003B114 /* Products */ = {
			isa = PBXGroup;
			children = (
				87A3D8DA1C2CCC880003B114 /* map.app */,
				87A3D8EF1C2CCC8A0003B114 /* mapTests.xctest */,
			);
			name = Products;
			sourceTree = "<group>";
		};
		87A3D8DC1C2CCC880003B114 /* map */ = {
			isa = PBXGroup;
			children = (
				87A3D8DF1C2CCC890003B114 /* AppDelegate.swift */,
				87A3D8E11C2CCC890003B114 /* ViewController.swift */,
				87A3D8E31C2CCC8A0003B114 /* Main.storyboard */,
				87A3D8E61C2CCC8A0003B114 /* Images.xcassets */,
				87A3D8E81C2CCC8A0003B114 /* LaunchScreen.xib */,
				87A3D8DD1C2CCC890003B114 /* Supporting Files */,
			);
			path = map;
			sourceTree = "<group>";
		};
		87A3D8DD1C2CCC890003B114 /* Supporting Files */ = {
			isa = PBXGroup;
			children = (
				87A3D8DE1C2CCC890003B114 /* Info.plist */,
			);
			name = "Supporting Files";
			sourceTree = "<group>";
		};
		87A3D8F21C2CCC8A0003B114 /* mapTests */ = {
			isa = PBXGroup;
			children = (
				87A3D8F51C2CCC8C0003B114 /* mapTests.swift */,
				87A3D8F31C2CCC8B0003B114 /* Supporting Files */,
			);
			path = mapTests;
			sourceTree = "<group>";
		};
		87A3D8F31C2CCC8B0003B114 /* Supporting Files */ = {
			isa = PBXGroup;
			children = (
				87A3D8F41C2CCC8B0003B114 /* Info.plist */,
			);
			name = "Supporting Files";
			sourceTree = "<group>";
		};
/* End PBXGroup section */

/* Begin PBXNativeTarget section */
		87A3D8D91C2CCC870003B114 /* map */ = {
			isa = PBXNativeTarget;
			buildConfigurationList = 87A3D8F91C2CCC8C0003B114 /* Build configuration list for PBXNativeTarget "map" */;
			buildPhases = (
				87A3D8D61C2CCC870003B114 /* Sources */,
				87A3D8D71C2CCC870003B114 /* Frameworks */,
				87A3D8D81C2CCC870003B114 /* Resources */,
			);
			buildRules = (
			);
			dependencies = (
			);
			name = map;
			productName = map;
			productReference = 87A3D8DA1C2CCC880003B114 /* map.app */;
			productType = "com.apple.product-type.application";
		};
		87A3D8EE1C2CCC8A0003B114 /* mapTests */ = {
			isa = PBXNativeTarget;
			buildConfigurationList = 87A3D8FC1C2CCC8C0003B114 /* Build configuration list for PBXNativeTarget "mapTests" */;
			buildPhases = (
				87A3D8EB1C2CCC8A0003B114 /* Sources */,
				87A3D8EC1C2CCC8A0003B114 /* Frameworks */,
				87A3D8ED1C2CCC8A0003B114 /* Resources */,
			);
			buildRules = (
			);
			dependencies = (
				87A3D8F11C2CCC8A0003B114 /* PBXTargetDependency */,
			);
			name = mapTests;
			productName = mapTests;
			productReference = 87A3D8EF1C2CCC8A0003B114 /* mapTests.xctest */;
			productType = "com.apple.product-type.bundle.unit-test";
		};
/* End PBXNativeTarget section */

/* Begin PBXProject section */
		87A3D8D21C2CCC870003B114 /* Project object */ = {
			isa = PBXProject;
			attributes = {
				LastUpgradeCheck = 0640;
				ORGANIZATIONNAME = swan;
				TargetAttributes = {
					87A3D8D91C2CCC870003B114 = {
						CreatedOnToolsVersion = 6.4;
					};
					87A3D8EE1C2CCC8A0003B114 = {
						CreatedOnToolsVersion = 6.4;
						TestTargetID = 87A3D8D91C2CCC870003B114;
					};
				};
			};
			buildConfigurationList = 87A3D8D51C2CCC870003B114 /* Build configuration list for PBXProject "map" */;
			compatibilityVersion = "Xcode 3.2";
			developmentRegion = English;
			hasScannedForEncodings = 0;
			knownRegions = (
				en,
				Base,
			);
			mainGroup = 87A3D8D11C2CCC870003B114;
			productRefGroup = 87A3D8DB1C2CCC880003B114 /* Products */;
			projectDirPath = "";
			projectRoot = "";
			targets = (
				87A3D8D91C2CCC870003B114 /* map */,
				87A3D8EE1C2CCC8A0003B114 /* mapTests */,
			);
		};
/* End PBXProject section */

/* Begin PBXResourcesBuildPhase section */
		87A3D8D81C2CCC870003B114 /* Resources */ = {
			isa = PBXResourcesBuildPhase;
			buildActionMask = 2147483647;
			files = (
				87A3D8E51C2CCC8A0003B114 /* Main.storyboard in Resources */,
				87A3D8EA1C2CCC8A0003B114 /* LaunchScreen.xib in Resources */,
				87A3D8E71C2CCC8A0003B114 /* Images.xcassets in Resources */,
			);
			runOnlyForDeploymentPostprocessing = 0;
		};
		87A3D8ED1C2CCC8A0003B114 /* Resources */ = {
			isa = PBXResourcesBuildPhase;
			buildActionMask = 2147483647;
			files = (
			);
			runOnlyForDeploymentPostprocessing = 0;
		};
/* End PBXResourcesBuildPhase section */

/* Begin PBXSourcesBuildPhase section */
		87A3D8D61C2CCC870003B114 /* Sources */ = {
			isa = PBXSourcesBuildPhase;
			buildActionMask = 2147483647;
			files = (
				87A3D8E21C2CCC890003B114 /* ViewController.swift in Sources */,
				87A3D8E01C2CCC890003B114 /* AppDelegate.swift in Sources */,
			);
			runOnlyForDeploymentPostprocessing = 0;
		};
		87A3D8EB1C2CCC8A0003B114 /* Sources */ = {
			isa = PBXSourcesBuildPhase;
			buildActionMask = 2147483647;
			files = (
				87A3D8F61C2CCC8C0003B114 /* mapTests.swift in Sources */,
			);
			runOnlyForDeploymentPostprocessing = 0;
		};
/* End PBXSourcesBuildPhase section */

/* Begin PBXTargetDependency section */
		87A3D8F11C2CCC8A0003B114 /* PBXTargetDependency */ = {
			isa = PBXTargetDependency;
			target = 87A3D8D91C2CCC870003B114 /* map */;
			targetProxy = 87A3D8F01C2CCC8A0003B114 /* PBXContainerItemProxy */;
		};
/* End PBXTargetDependency section */

/* Begin PBXVariantGroup section */
		87A3D8E31C2CCC8A0003B114 /* Main.storyboard */ = {
			isa = PBXVariantGroup;
			children = (
				87A3D8E41C2CCC8A0003B114 /* Base */,
			);
			name = Main.storyboard;
			sourceTree = "<group>";
		};
		87A3D8E81C2CCC8A0003B114 /* LaunchScreen.xib */ = {
			isa = PBXVariantGroup;
			children = (
				87A3D8E91C2CCC8A0003B114 /* Base */,
			);
			name = LaunchScreen.xib;
			sourceTree = "<group>";
		};
/* End PBXVariantGroup section */

/* Begin XCBuildConfiguration section */
		87A3D8F71C2CCC8C0003B114 /* Debug */ = {
			isa = XCBuildConfiguration;
			buildSettings = {
				ALWAYS_SEARCH_USER_PATHS = NO;
				CLANG_CXX_LANGUAGE_STANDARD = "gnu++0x";
				CLANG_CXX_LIBRARY = "libc++";
				CLANG_ENABLE_MODULES = YES;
				CLANG_ENABLE_OBJC_ARC = YES;
				CLANG_WARN_BOOL_CONVERSION = YES;
				CLANG_WARN_CONSTANT_CONVERSION = YES;
				CLANG_WARN_DIRECT_OBJC_ISA_USAGE = YES_ERROR;
				CLANG_WARN_EMPTY_BODY = YES;
				CLANG_WARN_ENUM_CONVERSION = YES;
				CLANG_WARN_INT_CONVERSION = YES;
				CLANG_WARN_OBJC_ROOT_CLASS = YES_ERROR;
				CLANG_WARN_UNREACHABLE_CODE = YES;
				CLANG_WARN__DUPLICATE_METHOD_MATCH = YES;
				"CODE_SIGN_IDENTITY[sdk=iphoneos*]" = "iPhone Developer";
				COPY_PHASE_STRIP = NO;
				DEBUG_INFORMATION_FORMAT = "dwarf-with-dsym";
				ENABLE_STRICT_OBJC_MSGSEND = YES;
				GCC_C_LANGUAGE_STANDARD = gnu99;
				GCC_DYNAMIC_NO_PIC = NO;
				GCC_NO_COMMON_BLOCKS = YES;
				GCC_OPTIMIZATION_LEVEL = 0;
				GCC_PREPROCESSOR_DEFINITIONS = (
					"DEBUG=1",
					"$(inherited)",
				);
				GCC_SYMBOLS_PRIVATE_EXTERN = NO;
				GCC_WARN_64_TO_32_BIT_CONVERSION = YES;
				GCC_WARN_ABOUT_RETURN_TYPE = YES_ERROR;
				GCC_WARN_UNDECLARED_SELECTOR = YES;
				GCC_WARN_UNINITIALIZED_AUTOS = YES_AGGRESSIVE;
				GCC_WARN_UNUSED_FUNCTION = YES;
				GCC_WARN_UNUSED_VARIABLE = YES;
				IPHONEOS_DEPLOYMENT_TARGET = 8.4;
				MTL_ENABLE_DEBUG_INFO = YES;
				ONLY_ACTIVE_ARCH = YES;
				SDKROOT = iphoneos;
				SWIFT_OPTIMIZATION_LEVEL = "-Onone";
				TARGETED_DEVICE_FAMILY = "1,2";
			};
			name = Debug;
		};
		87A3D8F81C2CCC8C0003B114 /* Release */ = {
			isa = XCBuildConfiguration;
			buildSettings = {
				ALWAYS_SEARCH_USER_PATHS = NO;
				CLANG_CXX_LANGUAGE_STANDARD = "gnu++0x";
				CLANG_CXX_LIBRARY = "libc++";
				CLANG_ENABLE_MODULES = YES;
				CLANG_ENABLE_OBJC_ARC = YES;
				CLANG_WARN_BOOL_CONVERSION = YES;
				CLANG_WARN_CONSTANT_CONVERSION = YES;
				CLANG_WARN_DIRECT_OBJC_ISA_USAGE = YES_ERROR;
				CLANG_WARN_EMPTY_BODY = YES;
				CLANG_WARN_ENUM_CONVERSION = YES;
				CLANG_WARN_INT_CONVERSION = YES;
				CLANG_WARN_OBJC_ROOT_CLASS = YES_ERROR;
				CLANG_WARN_UNREACHABLE_CODE = YES;
				CLANG_WARN__DUPLICATE_METHOD_MATCH = YES;
				"CODE_SIGN_IDENTITY[sdk=iphoneos*]" = "iPhone Developer";
				COPY_PHASE_STRIP = NO;
				DEBUG_INFORMATION_FORMAT = "dwarf-with-dsym";
				ENABLE_NS_ASSERTIONS = NO;
				ENABLE_STRICT_OBJC_MSGSEND = YES;
				GCC_C_LANGUAGE_STANDARD = gnu99;
				GCC_NO_COMMON_BLOCKS = YES;
				GCC_WARN_64_TO_32_BIT_CONVERSION = YES;
				GCC_WARN_ABOUT_RETURN_TYPE = YES_ERROR;
				GCC_WARN_UNDECLARED_SELECTOR = YES;
				GCC_WARN_UNINITIALIZED_AUTOS = YES_AGGRESSIVE;
				GCC_WARN_UNUSED_FUNCTION = YES;
				GCC_WARN_UNUSED_VARIABLE = YES;
				IPHONEOS_DEPLOYMENT_TARGET = 8.4;
				MTL_ENABLE_DEBUG_INFO = NO;
				SDKROOT = iphoneos;
				TARGETED_DEVICE_FAMILY = "1,2";
				VALIDATE_PRODUCT = YES;
			};
			name = Release;
		};
		87A3D8FA1C2CCC8C0003B114 /* Debug */ = {
			isa = XCBuildConfiguration;
			buildSettings = {
				ASSETCATALOG_COMPILER_APPICON_NAME = AppIcon;
				INFOPLIST_FILE = map/Info.plist;
				LD_RUNPATH_SEARCH_PATHS = "$(inherited) @executable_path/Frameworks";
				PRODUCT_NAME = "$(TARGET_NAME)";
			};
			name = Debug;
		};
		87A3D8FB1C2CCC8C0003B114 /* Release */ = {
			isa = XCBuildConfiguration;
			buildSettings = {
				ASSETCATALOG_COMPILER_APPICON_NAME = AppIcon;
				INFOPLIST_FILE = map/Info.plist;
				LD_RUNPATH_SEARCH_PATHS = "$(inherited) @executable_path/Frameworks";
				PRODUCT_NAME = "$(TARGET_NAME)";
			};
			name = Release;
		};
		87A3D8FD1C2CCC8C0003B114 /* Debug */ = {
			isa = XCBuildConfiguration;
			buildSettings = {
				BUNDLE_LOADER = "$(TEST_HOST)";
				FRAMEWORK_SEARCH_PATHS = (
					"$(SDKROOT)/Developer/Library/Frameworks",
					"$(inherited)",
				);
				GCC_PREPROCESSOR_DEFINITIONS = (
					"DEBUG=1",
					"$(inherited)",
				);
				INFOPLIST_FILE = mapTests/Info.plist;
				LD_RUNPATH_SEARCH_PATHS = "$(inherited) @executable_path/Frameworks @loader_path/Frameworks";
				PRODUCT_NAME = "$(TARGET_NAME)";
				TEST_HOST = "$(BUILT_PRODUCTS_DIR)/map.app/map";
			};
			name = Debug;
		};
		87A3D8FE1C2CCC8C0003B114 /* Release */ = {
			isa = XCBuildConfiguration;
			buildSettings = {
				BUNDLE_LOADER = "$(TEST_HOST)";
				FRAMEWORK_SEARCH_PATHS = (
					"$(SDKROOT)/Developer/Library/Frameworks",
					"$(inherited)",
				);
				INFOPLIST_FILE = mapTests/Info.plist;
				LD_RUNPATH_SEARCH_PATHS = "$(inherited) @executable_path/Frameworks @loader_path/Frameworks";
				PRODUCT_NAME = "$(TARGET_NAME)";
				TEST_HOST = "$(BUILT_PRODUCTS_DIR)/map.app/map";
			};
			name = Release;
		};
/* End XCBuildConfiguration section */

/* Begin XCConfigurationList section */
		87A3D8D51C2CCC870003B114 /* Build configuration list for PBXProject "map" */ = {
			isa = XCConfigurationList;
			buildConfigurations = (
				87A3D8F71C2CCC8C0003B114 /* Debug */,
				87A3D8F81C2CCC8C0003B114 /* Release */,
			);
			defaultConfigurationIsVisible = 0;
			defaultConfigurationName = Release;
		};
		87A3D8F91C2CCC8C0003B114 /* Build configuration list for PBXNativeTarget "map" */ = {
			isa = XCConfigurationList;
			buildConfigurations = (
				87A3D8FA1C2CCC8C0003B114 /* Debug */,
				87A3D8FB1C2CCC8C0003B114 /* Release */,
			);
			defaultConfigurationIsVisible = 0;
		};
		87A3D8FC1C2CCC8C0003B114 /* Build configuration list for PBXNativeTarget "mapTests" */ = {
			isa = XCConfigurationList;
			buildConfigurations = (
				87A3D8FD1C2CCC8C0003B114 /* Debug */,
				87A3D8FE1C2CCC8C0003B114 /* Release */,
			);
			defaultConfigurationIsVisible = 0;
		};
/* End XCConfigurationList section */
	};
	rootObject = 87A3D8D21C2CCC870003B114 /* Project object */;
}
